<?xml version="1.0" encoding="UTF-8"?>
<CodeBlocks_project_file>
	<FileVersion major="1" minor="6"/>
	<Project>
		<Option title="GetmyBruQt"/>
		<Option makefile_is_custom="1"/>
		<Option compiler="gcc"/>
		<Option virtualFolders="CMake Files\;CMake Files\..\;CMake Files\..\..\;CMake Files\..\..\..\;CMake Files\..\..\..\..\;CMake Files\..\..\..\..\..\;CMake Files\..\..\..\..\..\..\;CMake Files\..\..\..\..\..\..\..\;CMake Files\..\..\..\..\..\..\..\usr\;CMake Files\..\..\..\..\..\..\..\usr\lib64\;CMake Files\..\..\..\..\..\..\..\usr\lib64\cmake\;CMake Files\..\..\..\..\..\..\..\usr\lib64\cmake\Qt5\;CMake Files\..\..\..\..\..\..\..\usr\lib64\cmake\Qt5Core\;CMake Files\..\..\..\..\..\..\..\usr\lib64\cmake\Qt5Quick\;CMake Files\..\..\..\..\..\..\..\usr\lib64\cmake\Qt5QmlModels\;CMake Files\..\..\..\..\..\..\..\usr\lib64\cmake\Qt5Qml\;CMake Files\..\..\..\..\..\..\..\usr\lib64\cmake\Qt5Network\;CMake Files\..\..\..\..\..\..\..\usr\lib64\cmake\Qt5Gui\;CMake Files\..\..\..\..\..\..\..\usr\lib64\cmake\Qt5LinguistTools\;"/>
		<Build>
			<Target title="all">
				<Option working_dir="/mnt/FC4C17E74C179C08/GitHub/GetMyBru/Source/GUI/build-GetmyBruQt-Desktop-Debug"/>
				<Option type="4"/>
				<MakeCommands>
					<Build command="/usr/bin/ninja -v all"/>
					<CompileFile command="/usr/bin/ninja -v &quot;$file&quot;"/>
					<Clean command="/usr/bin/ninja -v clean"/>
					<DistClean command="/usr/bin/ninja -v clean"/>
				</MakeCommands>
			</Target>
			<Target title="rebuild_cache">
				<Option working_dir="/mnt/FC4C17E74C179C08/GitHub/GetMyBru/Source/GUI/build-GetmyBruQt-Desktop-Debug"/>
				<Option type="4"/>
				<MakeCommands>
					<Build command="/usr/bin/ninja -v rebuild_cache"/>
					<CompileFile command="/usr/bin/ninja -v &quot;$file&quot;"/>
					<Clean command="/usr/bin/ninja -v clean"/>
					<DistClean command="/usr/bin/ninja -v clean"/>
				</MakeCommands>
			</Target>
			<Target title="GetmyBruQt">
				<Option output="/mnt/FC4C17E74C179C08/GitHub/GetMyBru/Source/GUI/build-GetmyBruQt-Desktop-Debug/GetmyBruQt" prefix_auto="0" extension_auto="0"/>
				<Option working_dir="/mnt/FC4C17E74C179C08/GitHub/GetMyBru/Source/GUI/build-GetmyBruQt-Desktop-Debug"/>
				<Option object_output="./"/>
				<Option type="1"/>
				<Option compiler="gcc"/>
				<Compiler>
					<Add option="-DQT_QML_DEBUG"/>
					<Add option="-DQT_CORE_LIB"/>
					<Add option="-DQT_QUICK_LIB"/>
					<Add option="-DQT_QMLMODELS_LIB"/>
					<Add option="-DQT_QML_LIB"/>
					<Add option="-DQT_NETWORK_LIB"/>
					<Add option="-DQT_GUI_LIB"/>
					<Add directory="/mnt/FC4C17E74C179C08/GitHub/GetMyBru/Source/GUI/build-GetmyBruQt-Desktop-Debug"/>
					<Add directory="/mnt/FC4C17E74C179C08/GitHub/GetMyBru/Source/GUI/GetmyBruQt"/>
					<Add directory="/mnt/FC4C17E74C179C08/GitHub/GetMyBru/Source/GUI/build-GetmyBruQt-Desktop-Debug/GetmyBruQt_autogen/include"/>
					<Add directory="/usr/include/qt"/>
					<Add directory="/usr/include/qt/QtCore"/>
					<Add directory="/usr/lib/qt/mkspecs/linux-g++"/>
					<Add directory="/usr/include/qt/QtQuick"/>
					<Add directory="/usr/include/qt/QtQmlModels"/>
					<Add directory="/usr/include/qt/QtQml"/>
					<Add directory="/usr/include/qt/QtNetwork"/>
					<Add directory="/usr/include/qt/QtGui"/>
					<Add directory="/usr/lib/gcc/x86_64-pc-linux-gnu/9.3.0/../../../../include/c++/9.3.0"/>
					<Add directory="/usr/lib/gcc/x86_64-pc-linux-gnu/9.3.0/../../../../include/c++/9.3.0/x86_64-pc-linux-gnu"/>
					<Add directory="/usr/lib/gcc/x86_64-pc-linux-gnu/9.3.0/../../../../include/c++/9.3.0/backward"/>
					<Add directory="/usr/lib/gcc/x86_64-pc-linux-gnu/9.3.0/include"/>
					<Add directory="/usr/local/include"/>
					<Add directory="/usr/lib/gcc/x86_64-pc-linux-gnu/9.3.0/include-fixed"/>
					<Add directory="/usr/include"/>
				</Compiler>
				<MakeCommands>
					<Build command="/usr/bin/ninja -v GetmyBruQt"/>
					<CompileFile command="/usr/bin/ninja -v &quot;$file&quot;"/>
					<Clean command="/usr/bin/ninja -v clean"/>
					<DistClean command="/usr/bin/ninja -v clean"/>
				</MakeCommands>
			</Target>
			<Target title="GetmyBruQt/fast">
				<Option output="/mnt/FC4C17E74C179C08/GitHub/GetMyBru/Source/GUI/build-GetmyBruQt-Desktop-Debug/GetmyBruQt" prefix_auto="0" extension_auto="0"/>
				<Option working_dir="/mnt/FC4C17E74C179C08/GitHub/GetMyBru/Source/GUI/build-GetmyBruQt-Desktop-Debug"/>
				<Option object_output="./"/>
				<Option type="1"/>
				<Option compiler="gcc"/>
				<Compiler>
					<Add option="-DQT_QML_DEBUG"/>
					<Add option="-DQT_CORE_LIB"/>
					<Add option="-DQT_QUICK_LIB"/>
					<Add option="-DQT_QMLMODELS_LIB"/>
					<Add option="-DQT_QML_LIB"/>
					<Add option="-DQT_NETWORK_LIB"/>
					<Add option="-DQT_GUI_LIB"/>
					<Add directory="/mnt/FC4C17E74C179C08/GitHub/GetMyBru/Source/GUI/build-GetmyBruQt-Desktop-Debug"/>
					<Add directory="/mnt/FC4C17E74C179C08/GitHub/GetMyBru/Source/GUI/GetmyBruQt"/>
					<Add directory="/mnt/FC4C17E74C179C08/GitHub/GetMyBru/Source/GUI/build-GetmyBruQt-Desktop-Debug/GetmyBruQt_autogen/include"/>
					<Add directory="/usr/include/qt"/>
					<Add directory="/usr/include/qt/QtCore"/>
					<Add directory="/usr/lib/qt/mkspecs/linux-g++"/>
					<Add directory="/usr/include/qt/QtQuick"/>
					<Add directory="/usr/include/qt/QtQmlModels"/>
					<Add directory="/usr/include/qt/QtQml"/>
					<Add directory="/usr/include/qt/QtNetwork"/>
					<Add directory="/usr/include/qt/QtGui"/>
					<Add directory="/usr/lib/gcc/x86_64-pc-linux-gnu/9.3.0/../../../../include/c++/9.3.0"/>
					<Add directory="/usr/lib/gcc/x86_64-pc-linux-gnu/9.3.0/../../../../include/c++/9.3.0/x86_64-pc-linux-gnu"/>
					<Add directory="/usr/lib/gcc/x86_64-pc-linux-gnu/9.3.0/../../../../include/c++/9.3.0/backward"/>
					<Add directory="/usr/lib/gcc/x86_64-pc-linux-gnu/9.3.0/include"/>
					<Add directory="/usr/local/include"/>
					<Add directory="/usr/lib/gcc/x86_64-pc-linux-gnu/9.3.0/include-fixed"/>
					<Add directory="/usr/include"/>
				</Compiler>
				<MakeCommands>
					<Build command="/usr/bin/ninja -v GetmyBruQt/fast"/>
					<CompileFile command="/usr/bin/ninja -v &quot;$file&quot;"/>
					<Clean command="/usr/bin/ninja -v clean"/>
					<DistClean command="/usr/bin/ninja -v clean"/>
				</MakeCommands>
			</Target>
			<Target title="edit_cache">
				<Option working_dir="/mnt/FC4C17E74C179C08/GitHub/GetMyBru/Source/GUI/build-GetmyBruQt-Desktop-Debug"/>
				<Option type="4"/>
				<MakeCommands>
					<Build command="/usr/bin/ninja -v edit_cache"/>
					<CompileFile command="/usr/bin/ninja -v &quot;$file&quot;"/>
					<Clean command="/usr/bin/ninja -v clean"/>
					<DistClean command="/usr/bin/ninja -v clean"/>
				</MakeCommands>
			</Target>
			<Target title="GetmyBruQt_autogen">
				<Option working_dir="/mnt/FC4C17E74C179C08/GitHub/GetMyBru/Source/GUI/build-GetmyBruQt-Desktop-Debug"/>
				<Option type="4"/>
				<MakeCommands>
					<Build command="/usr/bin/ninja -v GetmyBruQt_autogen"/>
					<CompileFile command="/usr/bin/ninja -v &quot;$file&quot;"/>
					<Clean command="/usr/bin/ninja -v clean"/>
					<DistClean command="/usr/bin/ninja -v clean"/>
				</MakeCommands>
			</Target>
		</Build>
		<Unit filename="/mnt/FC4C17E74C179C08/GitHub/GetMyBru/Source/GUI/GetmyBruQt/GetmyBruQt_en_US.ts">
			<Option target="GetmyBruQt"/>
		</Unit>
		<Unit filename="/mnt/FC4C17E74C179C08/GitHub/GetMyBru/Source/GUI/GetmyBruQt/GetmyBruQt_en_US.ts.rule">
			<Option target="GetmyBruQt"/>
		</Unit>
		<Unit filename="/mnt/FC4C17E74C179C08/GitHub/GetMyBru/Source/GUI/GetmyBruQt/main.cpp">
			<Option target="GetmyBruQt"/>
		</Unit>
		<Unit filename="/mnt/FC4C17E74C179C08/GitHub/GetMyBru/Source/GUI/GetmyBruQt/qml.qrc">
			<Option target="GetmyBruQt"/>
		</Unit>
		<Unit filename="/mnt/FC4C17E74C179C08/GitHub/GetMyBru/Source/GUI/build-GetmyBruQt-Desktop-Debug/GetmyBruQt_autogen/EWIEGA46WW/qrc_qml.cpp">
			<Option target="GetmyBruQt"/>
		</Unit>
		<Unit filename="/mnt/FC4C17E74C179C08/GitHub/GetMyBru/Source/GUI/build-GetmyBruQt-Desktop-Debug/GetmyBruQt_autogen/EWIEGA46WW/qrc_qml.cpp.rule">
			<Option target="GetmyBruQt"/>
		</Unit>
		<Unit filename="/mnt/FC4C17E74C179C08/GitHub/GetMyBru/Source/GUI/build-GetmyBruQt-Desktop-Debug/GetmyBruQt_autogen/mocs_compilation.cpp">
			<Option target="GetmyBruQt"/>
		</Unit>
		<Unit filename="/mnt/FC4C17E74C179C08/GitHub/GetMyBru/Source/GUI/GetmyBruQt/CMakeLists.txt">
			<Option virtualFolder="CMake Files\"/>
		</Unit>
		<Unit filename="/mnt/FC4C17E74C179C08/GitHub/GetMyBru/Source/GUI/GetmyBruQt/qml.qrc">
			<Option virtualFolder="CMake Files\"/>
		</Unit>
		<Unit filename="/mnt/FC4C17E74C179C08/GitHub/GetMyBru/Source/GUI/GetmyBruQt/../../../../../../../usr/lib64/cmake/Qt5/Qt5Config.cmake">
			<Option virtualFolder="CMake Files\..\..\..\..\..\..\..\usr\lib64\cmake\Qt5\"/>
		</Unit>
		<Unit filename="/mnt/FC4C17E74C179C08/GitHub/GetMyBru/Source/GUI/GetmyBruQt/../../../../../../../usr/lib64/cmake/Qt5/Qt5ConfigVersion.cmake">
			<Option virtualFolder="CMake Files\..\..\..\..\..\..\..\usr\lib64\cmake\Qt5\"/>
		</Unit>
		<Unit filename="/mnt/FC4C17E74C179C08/GitHub/GetMyBru/Source/GUI/GetmyBruQt/../../../../../../../usr/lib64/cmake/Qt5/Qt5ModuleLocation.cmake">
			<Option virtualFolder="CMake Files\..\..\..\..\..\..\..\usr\lib64\cmake\Qt5\"/>
		</Unit>
		<Unit filename="/mnt/FC4C17E74C179C08/GitHub/GetMyBru/Source/GUI/GetmyBruQt/../../../../../../../usr/lib64/cmake/Qt5Core/Qt5CoreConfig.cmake">
			<Option virtualFolder="CMake Files\..\..\..\..\..\..\..\usr\lib64\cmake\Qt5Core\"/>
		</Unit>
		<Unit filename="/mnt/FC4C17E74C179C08/GitHub/GetMyBru/Source/GUI/GetmyBruQt/../../../../../../../usr/lib64/cmake/Qt5Core/Qt5CoreConfigExtras.cmake">
			<Option virtualFolder="CMake Files\..\..\..\..\..\..\..\usr\lib64\cmake\Qt5Core\"/>
		</Unit>
		<Unit filename="/mnt/FC4C17E74C179C08/GitHub/GetMyBru/Source/GUI/GetmyBruQt/../../../../../../../usr/lib64/cmake/Qt5Core/Qt5CoreConfigExtrasMkspecDir.cmake">
			<Option virtualFolder="CMake Files\..\..\..\..\..\..\..\usr\lib64\cmake\Qt5Core\"/>
		</Unit>
		<Unit filename="/mnt/FC4C17E74C179C08/GitHub/GetMyBru/Source/GUI/GetmyBruQt/../../../../../../../usr/lib64/cmake/Qt5Core/Qt5CoreConfigVersion.cmake">
			<Option virtualFolder="CMake Files\..\..\..\..\..\..\..\usr\lib64\cmake\Qt5Core\"/>
		</Unit>
		<Unit filename="/mnt/FC4C17E74C179C08/GitHub/GetMyBru/Source/GUI/GetmyBruQt/../../../../../../../usr/lib64/cmake/Qt5Core/Qt5CoreMacros.cmake">
			<Option virtualFolder="CMake Files\..\..\..\..\..\..\..\usr\lib64\cmake\Qt5Core\"/>
		</Unit>
		<Unit filename="/mnt/FC4C17E74C179C08/GitHub/GetMyBru/Source/GUI/GetmyBruQt/../../../../../../../usr/lib64/cmake/Qt5Quick/Qt5QuickConfig.cmake">
			<Option virtualFolder="CMake Files\..\..\..\..\..\..\..\usr\lib64\cmake\Qt5Quick\"/>
		</Unit>
		<Unit filename="/mnt/FC4C17E74C179C08/GitHub/GetMyBru/Source/GUI/GetmyBruQt/../../../../../../../usr/lib64/cmake/Qt5Quick/Qt5QuickConfigVersion.cmake">
			<Option virtualFolder="CMake Files\..\..\..\..\..\..\..\usr\lib64\cmake\Qt5Quick\"/>
		</Unit>
		<Unit filename="/mnt/FC4C17E74C179C08/GitHub/GetMyBru/Source/GUI/GetmyBruQt/../../../../../../../usr/lib64/cmake/Qt5QmlModels/Qt5QmlModelsConfig.cmake">
			<Option virtualFolder="CMake Files\..\..\..\..\..\..\..\usr\lib64\cmake\Qt5QmlModels\"/>
		</Unit>
		<Unit filename="/mnt/FC4C17E74C179C08/GitHub/GetMyBru/Source/GUI/GetmyBruQt/../../../../../../../usr/lib64/cmake/Qt5QmlModels/Qt5QmlModelsConfigVersion.cmake">
			<Option virtualFolder="CMake Files\..\..\..\..\..\..\..\usr\lib64\cmake\Qt5QmlModels\"/>
		</Unit>
		<Unit filename="/mnt/FC4C17E74C179C08/GitHub/GetMyBru/Source/GUI/GetmyBruQt/../../../../../../../usr/lib64/cmake/Qt5Qml/Qt5QmlConfig.cmake">
			<Option virtualFolder="CMake Files\..\..\..\..\..\..\..\usr\lib64\cmake\Qt5Qml\"/>
		</Unit>
		<Unit filename="/mnt/FC4C17E74C179C08/GitHub/GetMyBru/Source/GUI/GetmyBruQt/../../../../../../../usr/lib64/cmake/Qt5Qml/Qt5QmlConfigExtras.cmake">
			<Option virtualFolder="CMake Files\..\..\..\..\..\..\..\usr\lib64\cmake\Qt5Qml\"/>
		</Unit>
		<Unit filename="/mnt/FC4C17E74C179C08/GitHub/GetMyBru/Source/GUI/GetmyBruQt/../../../../../../../usr/lib64/cmake/Qt5Qml/Qt5QmlConfigVersion.cmake">
			<Option virtualFolder="CMake Files\..\..\..\..\..\..\..\usr\lib64\cmake\Qt5Qml\"/>
		</Unit>
		<Unit filename="/mnt/FC4C17E74C179C08/GitHub/GetMyBru/Source/GUI/GetmyBruQt/../../../../../../../usr/lib64/cmake/Qt5Qml/Qt5Qml_QDebugMessageServiceFactory.cmake">
			<Option virtualFolder="CMake Files\..\..\..\..\..\..\..\usr\lib64\cmake\Qt5Qml\"/>
		</Unit>
		<Unit filename="/mnt/FC4C17E74C179C08/GitHub/GetMyBru/Source/GUI/GetmyBruQt/../../../../../../../usr/lib64/cmake/Qt5Qml/Qt5Qml_QLocalClientConnectionFactory.cmake">
			<Option virtualFolder="CMake Files\..\..\..\..\..\..\..\usr\lib64\cmake\Qt5Qml\"/>
		</Unit>
		<Unit filename="/mnt/FC4C17E74C179C08/GitHub/GetMyBru/Source/GUI/GetmyBruQt/../../../../../../../usr/lib64/cmake/Qt5Qml/Qt5Qml_QQmlDebugServerFactory.cmake">
			<Option virtualFolder="CMake Files\..\..\..\..\..\..\..\usr\lib64\cmake\Qt5Qml\"/>
		</Unit>
		<Unit filename="/mnt/FC4C17E74C179C08/GitHub/GetMyBru/Source/GUI/GetmyBruQt/../../../../../../../usr/lib64/cmake/Qt5Qml/Qt5Qml_QQmlDebuggerServiceFactory.cmake">
			<Option virtualFolder="CMake Files\..\..\..\..\..\..\..\usr\lib64\cmake\Qt5Qml\"/>
		</Unit>
		<Unit filename="/mnt/FC4C17E74C179C08/GitHub/GetMyBru/Source/GUI/GetmyBruQt/../../../../../../../usr/lib64/cmake/Qt5Qml/Qt5Qml_QQmlInspectorServiceFactory.cmake">
			<Option virtualFolder="CMake Files\..\..\..\..\..\..\..\usr\lib64\cmake\Qt5Qml\"/>
		</Unit>
		<Unit filename="/mnt/FC4C17E74C179C08/GitHub/GetMyBru/Source/GUI/GetmyBruQt/../../../../../../../usr/lib64/cmake/Qt5Qml/Qt5Qml_QQmlNativeDebugConnectorFactory.cmake">
			<Option virtualFolder="CMake Files\..\..\..\..\..\..\..\usr\lib64\cmake\Qt5Qml\"/>
		</Unit>
		<Unit filename="/mnt/FC4C17E74C179C08/GitHub/GetMyBru/Source/GUI/GetmyBruQt/../../../../../../../usr/lib64/cmake/Qt5Qml/Qt5Qml_QQmlNativeDebugServiceFactory.cmake">
			<Option virtualFolder="CMake Files\..\..\..\..\..\..\..\usr\lib64\cmake\Qt5Qml\"/>
		</Unit>
		<Unit filename="/mnt/FC4C17E74C179C08/GitHub/GetMyBru/Source/GUI/GetmyBruQt/../../../../../../../usr/lib64/cmake/Qt5Qml/Qt5Qml_QQmlPreviewServiceFactory.cmake">
			<Option virtualFolder="CMake Files\..\..\..\..\..\..\..\usr\lib64\cmake\Qt5Qml\"/>
		</Unit>
		<Unit filename="/mnt/FC4C17E74C179C08/GitHub/GetMyBru/Source/GUI/GetmyBruQt/../../../../../../../usr/lib64/cmake/Qt5Qml/Qt5Qml_QQmlProfilerServiceFactory.cmake">
			<Option virtualFolder="CMake Files\..\..\..\..\..\..\..\usr\lib64\cmake\Qt5Qml\"/>
		</Unit>
		<Unit filename="/mnt/FC4C17E74C179C08/GitHub/GetMyBru/Source/GUI/GetmyBruQt/../../../../../../../usr/lib64/cmake/Qt5Qml/Qt5Qml_QQuickProfilerAdapterFactory.cmake">
			<Option virtualFolder="CMake Files\..\..\..\..\..\..\..\usr\lib64\cmake\Qt5Qml\"/>
		</Unit>
		<Unit filename="/mnt/FC4C17E74C179C08/GitHub/GetMyBru/Source/GUI/GetmyBruQt/../../../../../../../usr/lib64/cmake/Qt5Qml/Qt5Qml_QTcpServerConnectionFactory.cmake">
			<Option virtualFolder="CMake Files\..\..\..\..\..\..\..\usr\lib64\cmake\Qt5Qml\"/>
		</Unit>
		<Unit filename="/mnt/FC4C17E74C179C08/GitHub/GetMyBru/Source/GUI/GetmyBruQt/../../../../../../../usr/lib64/cmake/Qt5Network/Qt5NetworkConfig.cmake">
			<Option virtualFolder="CMake Files\..\..\..\..\..\..\..\usr\lib64\cmake\Qt5Network\"/>
		</Unit>
		<Unit filename="/mnt/FC4C17E74C179C08/GitHub/GetMyBru/Source/GUI/GetmyBruQt/../../../../../../../usr/lib64/cmake/Qt5Network/Qt5NetworkConfigVersion.cmake">
			<Option virtualFolder="CMake Files\..\..\..\..\..\..\..\usr\lib64\cmake\Qt5Network\"/>
		</Unit>
		<Unit filename="/mnt/FC4C17E74C179C08/GitHub/GetMyBru/Source/GUI/GetmyBruQt/../../../../../../../usr/lib64/cmake/Qt5Network/Qt5Network_QConnmanEnginePlugin.cmake">
			<Option virtualFolder="CMake Files\..\..\..\..\..\..\..\usr\lib64\cmake\Qt5Network\"/>
		</Unit>
		<Unit filename="/mnt/FC4C17E74C179C08/GitHub/GetMyBru/Source/GUI/GetmyBruQt/../../../../../../../usr/lib64/cmake/Qt5Network/Qt5Network_QGenericEnginePlugin.cmake">
			<Option virtualFolder="CMake Files\..\..\..\..\..\..\..\usr\lib64\cmake\Qt5Network\"/>
		</Unit>
		<Unit filename="/mnt/FC4C17E74C179C08/GitHub/GetMyBru/Source/GUI/GetmyBruQt/../../../../../../../usr/lib64/cmake/Qt5Network/Qt5Network_QNetworkManagerEnginePlugin.cmake">
			<Option virtualFolder="CMake Files\..\..\..\..\..\..\..\usr\lib64\cmake\Qt5Network\"/>
		</Unit>
		<Unit filename="/mnt/FC4C17E74C179C08/GitHub/GetMyBru/Source/GUI/GetmyBruQt/../../../../../../../usr/lib64/cmake/Qt5Gui/Qt5GuiConfig.cmake">
			<Option virtualFolder="CMake Files\..\..\..\..\..\..\..\usr\lib64\cmake\Qt5Gui\"/>
		</Unit>
		<Unit filename="/mnt/FC4C17E74C179C08/GitHub/GetMyBru/Source/GUI/GetmyBruQt/../../../../../../../usr/lib64/cmake/Qt5Gui/Qt5GuiConfigExtras.cmake">
			<Option virtualFolder="CMake Files\..\..\..\..\..\..\..\usr\lib64\cmake\Qt5Gui\"/>
		</Unit>
		<Unit filename="/mnt/FC4C17E74C179C08/GitHub/GetMyBru/Source/GUI/GetmyBruQt/../../../../../../../usr/lib64/cmake/Qt5Gui/Qt5GuiConfigVersion.cmake">
			<Option virtualFolder="CMake Files\..\..\..\..\..\..\..\usr\lib64\cmake\Qt5Gui\"/>
		</Unit>
		<Unit filename="/mnt/FC4C17E74C179C08/GitHub/GetMyBru/Source/GUI/GetmyBruQt/../../../../../../../usr/lib64/cmake/Qt5Gui/Qt5Gui_QComposePlatformInputContextPlugin.cmake">
			<Option virtualFolder="CMake Files\..\..\..\..\..\..\..\usr\lib64\cmake\Qt5Gui\"/>
		</Unit>
		<Unit filename="/mnt/FC4C17E74C179C08/GitHub/GetMyBru/Source/GUI/GetmyBruQt/../../../../../../../usr/lib64/cmake/Qt5Gui/Qt5Gui_QEglFSEmulatorIntegrationPlugin.cmake">
			<Option virtualFolder="CMake Files\..\..\..\..\..\..\..\usr\lib64\cmake\Qt5Gui\"/>
		</Unit>
		<Unit filename="/mnt/FC4C17E74C179C08/GitHub/GetMyBru/Source/GUI/GetmyBruQt/../../../../../../../usr/lib64/cmake/Qt5Gui/Qt5Gui_QEglFSIntegrationPlugin.cmake">
			<Option virtualFolder="CMake Files\..\..\..\..\..\..\..\usr\lib64\cmake\Qt5Gui\"/>
		</Unit>
		<Unit filename="/mnt/FC4C17E74C179C08/GitHub/GetMyBru/Source/GUI/GetmyBruQt/../../../../../../../usr/lib64/cmake/Qt5Gui/Qt5Gui_QEglFSKmsEglDeviceIntegrationPlugin.cmake">
			<Option virtualFolder="CMake Files\..\..\..\..\..\..\..\usr\lib64\cmake\Qt5Gui\"/>
		</Unit>
		<Unit filename="/mnt/FC4C17E74C179C08/GitHub/GetMyBru/Source/GUI/GetmyBruQt/../../../../../../../usr/lib64/cmake/Qt5Gui/Qt5Gui_QEglFSKmsGbmIntegrationPlugin.cmake">
			<Option virtualFolder="CMake Files\..\..\..\..\..\..\..\usr\lib64\cmake\Qt5Gui\"/>
		</Unit>
		<Unit filename="/mnt/FC4C17E74C179C08/GitHub/GetMyBru/Source/GUI/GetmyBruQt/../../../../../../../usr/lib64/cmake/Qt5Gui/Qt5Gui_QEglFSX11IntegrationPlugin.cmake">
			<Option virtualFolder="CMake Files\..\..\..\..\..\..\..\usr\lib64\cmake\Qt5Gui\"/>
		</Unit>
		<Unit filename="/mnt/FC4C17E74C179C08/GitHub/GetMyBru/Source/GUI/GetmyBruQt/../../../../../../../usr/lib64/cmake/Qt5Gui/Qt5Gui_QEvdevKeyboardPlugin.cmake">
			<Option virtualFolder="CMake Files\..\..\..\..\..\..\..\usr\lib64\cmake\Qt5Gui\"/>
		</Unit>
		<Unit filename="/mnt/FC4C17E74C179C08/GitHub/GetMyBru/Source/GUI/GetmyBruQt/../../../../../../../usr/lib64/cmake/Qt5Gui/Qt5Gui_QEvdevMousePlugin.cmake">
			<Option virtualFolder="CMake Files\..\..\..\..\..\..\..\usr\lib64\cmake\Qt5Gui\"/>
		</Unit>
		<Unit filename="/mnt/FC4C17E74C179C08/GitHub/GetMyBru/Source/GUI/GetmyBruQt/../../../../../../../usr/lib64/cmake/Qt5Gui/Qt5Gui_QEvdevTabletPlugin.cmake">
			<Option virtualFolder="CMake Files\..\..\..\..\..\..\..\usr\lib64\cmake\Qt5Gui\"/>
		</Unit>
		<Unit filename="/mnt/FC4C17E74C179C08/GitHub/GetMyBru/Source/GUI/GetmyBruQt/../../../../../../../usr/lib64/cmake/Qt5Gui/Qt5Gui_QEvdevTouchScreenPlugin.cmake">
			<Option virtualFolder="CMake Files\..\..\..\..\..\..\..\usr\lib64\cmake\Qt5Gui\"/>
		</Unit>
		<Unit filename="/mnt/FC4C17E74C179C08/GitHub/GetMyBru/Source/GUI/GetmyBruQt/../../../../../../../usr/lib64/cmake/Qt5Gui/Qt5Gui_QGifPlugin.cmake">
			<Option virtualFolder="CMake Files\..\..\..\..\..\..\..\usr\lib64\cmake\Qt5Gui\"/>
		</Unit>
		<Unit filename="/mnt/FC4C17E74C179C08/GitHub/GetMyBru/Source/GUI/GetmyBruQt/../../../../../../../usr/lib64/cmake/Qt5Gui/Qt5Gui_QGtk2ThemePlugin.cmake">
			<Option virtualFolder="CMake Files\..\..\..\..\..\..\..\usr\lib64\cmake\Qt5Gui\"/>
		</Unit>
		<Unit filename="/mnt/FC4C17E74C179C08/GitHub/GetMyBru/Source/GUI/GetmyBruQt/../../../../../../../usr/lib64/cmake/Qt5Gui/Qt5Gui_QGtk3ThemePlugin.cmake">
			<Option virtualFolder="CMake Files\..\..\..\..\..\..\..\usr\lib64\cmake\Qt5Gui\"/>
		</Unit>
		<Unit filename="/mnt/FC4C17E74C179C08/GitHub/GetMyBru/Source/GUI/GetmyBruQt/../../../../../../../usr/lib64/cmake/Qt5Gui/Qt5Gui_QICOPlugin.cmake">
			<Option virtualFolder="CMake Files\..\..\..\..\..\..\..\usr\lib64\cmake\Qt5Gui\"/>
		</Unit>
		<Unit filename="/mnt/FC4C17E74C179C08/GitHub/GetMyBru/Source/GUI/GetmyBruQt/../../../../../../../usr/lib64/cmake/Qt5Gui/Qt5Gui_QIbusPlatformInputContextPlugin.cmake">
			<Option virtualFolder="CMake Files\..\..\..\..\..\..\..\usr\lib64\cmake\Qt5Gui\"/>
		</Unit>
		<Unit filename="/mnt/FC4C17E74C179C08/GitHub/GetMyBru/Source/GUI/GetmyBruQt/../../../../../../../usr/lib64/cmake/Qt5Gui/Qt5Gui_QJpegPlugin.cmake">
			<Option virtualFolder="CMake Files\..\..\..\..\..\..\..\usr\lib64\cmake\Qt5Gui\"/>
		</Unit>
		<Unit filename="/mnt/FC4C17E74C179C08/GitHub/GetMyBru/Source/GUI/GetmyBruQt/../../../../../../../usr/lib64/cmake/Qt5Gui/Qt5Gui_QLibInputPlugin.cmake">
			<Option virtualFolder="CMake Files\..\..\..\..\..\..\..\usr\lib64\cmake\Qt5Gui\"/>
		</Unit>
		<Unit filename="/mnt/FC4C17E74C179C08/GitHub/GetMyBru/Source/GUI/GetmyBruQt/../../../../../../../usr/lib64/cmake/Qt5Gui/Qt5Gui_QLinuxFbIntegrationPlugin.cmake">
			<Option virtualFolder="CMake Files\..\..\..\..\..\..\..\usr\lib64\cmake\Qt5Gui\"/>
		</Unit>
		<Unit filename="/mnt/FC4C17E74C179C08/GitHub/GetMyBru/Source/GUI/GetmyBruQt/../../../../../../../usr/lib64/cmake/Qt5Gui/Qt5Gui_QMinimalEglIntegrationPlugin.cmake">
			<Option virtualFolder="CMake Files\..\..\..\..\..\..\..\usr\lib64\cmake\Qt5Gui\"/>
		</Unit>
		<Unit filename="/mnt/FC4C17E74C179C08/GitHub/GetMyBru/Source/GUI/GetmyBruQt/../../../../../../../usr/lib64/cmake/Qt5Gui/Qt5Gui_QMinimalIntegrationPlugin.cmake">
			<Option virtualFolder="CMake Files\..\..\..\..\..\..\..\usr\lib64\cmake\Qt5Gui\"/>
		</Unit>
		<Unit filename="/mnt/FC4C17E74C179C08/GitHub/GetMyBru/Source/GUI/GetmyBruQt/../../../../../../../usr/lib64/cmake/Qt5Gui/Qt5Gui_QOffscreenIntegrationPlugin.cmake">
			<Option virtualFolder="CMake Files\..\..\..\..\..\..\..\usr\lib64\cmake\Qt5Gui\"/>
		</Unit>
		<Unit filename="/mnt/FC4C17E74C179C08/GitHub/GetMyBru/Source/GUI/GetmyBruQt/../../../../../../../usr/lib64/cmake/Qt5Gui/Qt5Gui_QSvgIconPlugin.cmake">
			<Option virtualFolder="CMake Files\..\..\..\..\..\..\..\usr\lib64\cmake\Qt5Gui\"/>
		</Unit>
		<Unit filename="/mnt/FC4C17E74C179C08/GitHub/GetMyBru/Source/GUI/GetmyBruQt/../../../../../../../usr/lib64/cmake/Qt5Gui/Qt5Gui_QSvgPlugin.cmake">
			<Option virtualFolder="CMake Files\..\..\..\..\..\..\..\usr\lib64\cmake\Qt5Gui\"/>
		</Unit>
		<Unit filename="/mnt/FC4C17E74C179C08/GitHub/GetMyBru/Source/GUI/GetmyBruQt/../../../../../../../usr/lib64/cmake/Qt5Gui/Qt5Gui_QTsLibPlugin.cmake">
			<Option virtualFolder="CMake Files\..\..\..\..\..\..\..\usr\lib64\cmake\Qt5Gui\"/>
		</Unit>
		<Unit filename="/mnt/FC4C17E74C179C08/GitHub/GetMyBru/Source/GUI/GetmyBruQt/../../../../../../../usr/lib64/cmake/Qt5Gui/Qt5Gui_QTuioTouchPlugin.cmake">
			<Option virtualFolder="CMake Files\..\..\..\..\..\..\..\usr\lib64\cmake\Qt5Gui\"/>
		</Unit>
		<Unit filename="/mnt/FC4C17E74C179C08/GitHub/GetMyBru/Source/GUI/GetmyBruQt/../../../../../../../usr/lib64/cmake/Qt5Gui/Qt5Gui_QVncIntegrationPlugin.cmake">
			<Option virtualFolder="CMake Files\..\..\..\..\..\..\..\usr\lib64\cmake\Qt5Gui\"/>
		</Unit>
		<Unit filename="/mnt/FC4C17E74C179C08/GitHub/GetMyBru/Source/GUI/GetmyBruQt/../../../../../../../usr/lib64/cmake/Qt5Gui/Qt5Gui_QWaylandEglPlatformIntegrationPlugin.cmake">
			<Option virtualFolder="CMake Files\..\..\..\..\..\..\..\usr\lib64\cmake\Qt5Gui\"/>
		</Unit>
		<Unit filename="/mnt/FC4C17E74C179C08/GitHub/GetMyBru/Source/GUI/GetmyBruQt/../../../../../../../usr/lib64/cmake/Qt5Gui/Qt5Gui_QWaylandIntegrationPlugin.cmake">
			<Option virtualFolder="CMake Files\..\..\..\..\..\..\..\usr\lib64\cmake\Qt5Gui\"/>
		</Unit>
		<Unit filename="/mnt/FC4C17E74C179C08/GitHub/GetMyBru/Source/GUI/GetmyBruQt/../../../../../../../usr/lib64/cmake/Qt5Gui/Qt5Gui_QWaylandXCompositeEglPlatformIntegrationPlugin.cmake">
			<Option virtualFolder="CMake Files\..\..\..\..\..\..\..\usr\lib64\cmake\Qt5Gui\"/>
		</Unit>
		<Unit filename="/mnt/FC4C17E74C179C08/GitHub/GetMyBru/Source/GUI/GetmyBruQt/../../../../../../../usr/lib64/cmake/Qt5Gui/Qt5Gui_QWaylandXCompositeGlxPlatformIntegrationPlugin.cmake">
			<Option virtualFolder="CMake Files\..\..\..\..\..\..\..\usr\lib64\cmake\Qt5Gui\"/>
		</Unit>
		<Unit filename="/mnt/FC4C17E74C179C08/GitHub/GetMyBru/Source/GUI/GetmyBruQt/../../../../../../../usr/lib64/cmake/Qt5Gui/Qt5Gui_QXcbEglIntegrationPlugin.cmake">
			<Option virtualFolder="CMake Files\..\..\..\..\..\..\..\usr\lib64\cmake\Qt5Gui\"/>
		</Unit>
		<Unit filename="/mnt/FC4C17E74C179C08/GitHub/GetMyBru/Source/GUI/GetmyBruQt/../../../../../../../usr/lib64/cmake/Qt5Gui/Qt5Gui_QXcbGlxIntegrationPlugin.cmake">
			<Option virtualFolder="CMake Files\..\..\..\..\..\..\..\usr\lib64\cmake\Qt5Gui\"/>
		</Unit>
		<Unit filename="/mnt/FC4C17E74C179C08/GitHub/GetMyBru/Source/GUI/GetmyBruQt/../../../../../../../usr/lib64/cmake/Qt5Gui/Qt5Gui_QXcbIntegrationPlugin.cmake">
			<Option virtualFolder="CMake Files\..\..\..\..\..\..\..\usr\lib64\cmake\Qt5Gui\"/>
		</Unit>
		<Unit filename="/mnt/FC4C17E74C179C08/GitHub/GetMyBru/Source/GUI/GetmyBruQt/../../../../../../../usr/lib64/cmake/Qt5Gui/Qt5Gui_QXdgDesktopPortalThemePlugin.cmake">
			<Option virtualFolder="CMake Files\..\..\..\..\..\..\..\usr\lib64\cmake\Qt5Gui\"/>
		</Unit>
		<Unit filename="/mnt/FC4C17E74C179C08/GitHub/GetMyBru/Source/GUI/GetmyBruQt/../../../../../../../usr/lib64/cmake/Qt5LinguistTools/Qt5LinguistToolsConfig.cmake">
			<Option virtualFolder="CMake Files\..\..\..\..\..\..\..\usr\lib64\cmake\Qt5LinguistTools\"/>
		</Unit>
		<Unit filename="/mnt/FC4C17E74C179C08/GitHub/GetMyBru/Source/GUI/GetmyBruQt/../../../../../../../usr/lib64/cmake/Qt5LinguistTools/Qt5LinguistToolsConfigVersion.cmake">
			<Option virtualFolder="CMake Files\..\..\..\..\..\..\..\usr\lib64\cmake\Qt5LinguistTools\"/>
		</Unit>
		<Unit filename="/mnt/FC4C17E74C179C08/GitHub/GetMyBru/Source/GUI/GetmyBruQt/../../../../../../../usr/lib64/cmake/Qt5LinguistTools/Qt5LinguistToolsMacros.cmake">
			<Option virtualFolder="CMake Files\..\..\..\..\..\..\..\usr\lib64\cmake\Qt5LinguistTools\"/>
		</Unit>
	</Project>
</CodeBlocks_project_file>
